
Microsoft Visual Studio Solution File, Format Version 12.00
# Visual Studio Version 16
VisualStudioVersion = 16.0.29926.136
MinimumVisualStudioVersion = 10.0.40219.1
Project("{9A19103F-16F7-4668-BE54-9A1E7A4F7556}") = "NC.SqlBuilder", "NC.SqlBuilder\NC.SqlBuilder.csproj", "{875B05B4-C123-4B1D-99E0-EEB812DAAFCB}"
EndProject
Project("{9A19103F-16F7-4668-BE54-9A1E7A4F7556}") = "NC.SqlBuilder.Tests", "NC.SqlBuilder.Tests\NC.SqlBuilder.Tests.csproj", "{95064C4A-EF5A-490C-8A0F-FB39FFA1E0C5}"
EndProject
Global
	GlobalSection(SolutionConfigurationPlatforms) = preSolution
		Debug|Any CPU = Debug|Any CPU
		Release|Any CPU = Release|Any CPU
	EndGlobalSection
	GlobalSection(ProjectConfigurationPlatforms) = postSolution
		{875B05B4-C123-4B1D-99E0-EEB812DAAFCB}.Debug|Any CPU.ActiveCfg = Debug|Any CPU
		{875B05B4-C123-4B1D-99E0-EEB812DAAFCB}.Debug|Any CPU.Build.0 = Debug|Any CPU
		{875B05B4-C123-4B1D-99E0-EEB812DAAFCB}.Release|Any CPU.ActiveCfg = Release|Any CPU
		{875B05B4-C123-4B1D-99E0-EEB812DAAFCB}.Release|Any CPU.Build.0 = Release|Any CPU
		{95064C4A-EF5A-490C-8A0F-FB39FFA1E0C5}.Debug|Any CPU.ActiveCfg = Debug|Any CPU
		{95064C4A-EF5A-490C-8A0F-FB39FFA1E0C5}.Debug|Any CPU.Build.0 = Debug|Any CPU
		{95064C4A-EF5A-490C-8A0F-FB39FFA1E0C5}.Release|Any CPU.ActiveCfg = Release|Any CPU
		{95064C4A-EF5A-490C-8A0F-FB39FFA1E0C5}.Release|Any CPU.Build.0 = Release|Any CPU
	EndGlobalSection
	GlobalSection(SolutionProperties) = preSolution
		HideSolutionNode = FALSE
	EndGlobalSection
	GlobalSection(ExtensibilityGlobals) = postSolution
		SolutionGuid = {D454FA1E-1A32-4653-AEAD-12EFF936435B}
	EndGlobalSection
EndGlobal
